
Microsoft Visual Studio Solution File, Format Version 12.00
# Visual Studio Version 17
VisualStudioVersion = 17.11.35219.272
MinimumVisualStudioVersion = 10.0.40219.1
Project("{FAE04EC0-301F-11D3-BF4B-00C04F79EFBC}") = "api", "api.csproj", "{C04F8BEA-C5F6-4EFA-9CBF-E28A37276681}"
EndProject
Global
	GlobalSection(SolutionConfigurationPlatforms) = preSolution
		Debug|Any CPU = Debug|Any CPU
		Release|Any CPU = Release|Any CPU
	EndGlobalSection
	GlobalSection(ProjectConfigurationPlatforms) = postSolution
		{C04F8BEA-C5F6-4EFA-9CBF-E28A37276681}.Debug|Any CPU.ActiveCfg = Debug|Any CPU
		{C04F8BEA-C5F6-4EFA-9CBF-E28A37276681}.Debug|Any CPU.Build.0 = Debug|Any CPU
		{C04F8BEA-C5F6-4EFA-9CBF-E28A37276681}.Release|Any CPU.ActiveCfg = Release|Any CPU
		{C04F8BEA-C5F6-4EFA-9CBF-E28A37276681}.Release|Any CPU.Build.0 = Release|Any CPU
	EndGlobalSection
	GlobalSection(SolutionProperties) = preSolution
		HideSolutionNode = FALSE
	EndGlobalSection
	GlobalSection(ExtensibilityGlobals) = postSolution
		SolutionGuid = {A981378D-D3F8-4193-9F2C-8FA6233AA141}
	EndGlobalSection
EndGlobal
